
Microsoft Visual Studio Solution File, Format Version 12.00
# Visual Studio Version 17
VisualStudioVersion = 17.14.36408.4
MinimumVisualStudioVersion = 10.0.40219.1
Project("{FAE04EC0-301F-11D3-BF4B-00C04F79EFBC}") = "GisBackend", "GisBackend\GisBackend.csproj", "{BDEF7D68-2B14-4AAC-9525-A5E11BE77D8A}"
EndProject
Global
	GlobalSection(SolutionConfigurationPlatforms) = preSolution
		Debug|Any CPU = Debug|Any CPU
		Release|Any CPU = Release|Any CPU
	EndGlobalSection
	GlobalSection(ProjectConfigurationPlatforms) = postSolution
		{BDEF7D68-2B14-4AAC-9525-A5E11BE77D8A}.Debug|Any CPU.ActiveCfg = Debug|Any CPU
		{BDEF7D68-2B14-4AAC-9525-A5E11BE77D8A}.Debug|Any CPU.Build.0 = Debug|Any CPU
		{BDEF7D68-2B14-4AAC-9525-A5E11BE77D8A}.Release|Any CPU.ActiveCfg = Release|Any CPU
		{BDEF7D68-2B14-4AAC-9525-A5E11BE77D8A}.Release|Any CPU.Build.0 = Release|Any CPU
	EndGlobalSection
	GlobalSection(SolutionProperties) = preSolution
		HideSolutionNode = FALSE
	EndGlobalSection
	GlobalSection(ExtensibilityGlobals) = postSolution
		SolutionGuid = {FE0D9DB5-C75C-4B39-9DBC-CEF025B82074}
	EndGlobalSection
EndGlobal
